
Microsoft Visual Studio Solution File, Format Version 12.00
# Visual Studio 15
VisualStudioVersion = 15.0.26124.0
MinimumVisualStudioVersion = 15.0.26124.0
Project("{FAE04EC0-301F-11D3-BF4B-00C04F79EFBC}") = "Domainator", "src\Domainator\Domainator.csproj", "{F7E24EAB-1894-4A75-9A02-7B1E130A7FF7}"
EndProject
Project("{2150E333-8FDC-42A3-9474-1A3956D46DE8}") = "src", "src", "{55AEFA5E-7318-4428-86C7-401D54B7151A}"
EndProject
Project("{2150E333-8FDC-42A3-9474-1A3956D46DE8}") = ".circleci", ".circleci", "{D97B6071-7F38-4ED0-A0AC-9C70D2F191E9}"
ProjectSection(SolutionItems) = preProject
	.circleci\config.yml = .circleci\config.yml
EndProjectSection
EndProject
Project("{FAE04EC0-301F-11D3-BF4B-00C04F79EFBC}") = "Domainator.UnitTests", "tests\Domainator.UnitTests\Domainator.UnitTests.csproj", "{D3C239F0-A984-4FC0-A2F2-F0597868F5D8}"
EndProject
Project("{2150E333-8FDC-42A3-9474-1A3956D46DE8}") = "tests", "tests", "{F900C36D-F507-49F1-803A-767AB9B9A81D}"
EndProject
Project("{2150E333-8FDC-42A3-9474-1A3956D46DE8}") = "samples", "samples", "{80DF63E7-62F2-499D-B056-17D157611EC5}"
EndProject
Project("{FAE04EC0-301F-11D3-BF4B-00C04F79EFBC}") = "Domainator.Demo", "samples\Domainator.Demo\Domainator.Demo.csproj", "{2AF13FFF-C1F5-4D70-8EDD-A69C56619533}"
EndProject
Project("{FAE04EC0-301F-11D3-BF4B-00C04F79EFBC}") = "Domainator.Demo.UnitTests", "tests\Domainator.Demo.UnitTests\Domainator.Demo.UnitTests.csproj", "{1B571CBC-D197-4E5A-A420-9C21AD3E9882}"
EndProject
Project("{FAE04EC0-301F-11D3-BF4B-00C04F79EFBC}") = "Domainator.Aws.Infrastructure", "src\Domainator.Aws.Infrastructure\Domainator.Aws.Infrastructure.csproj", "{0D65A15F-E771-4003-A0FE-CE7A1F67E623}"
EndProject
Project("{FAE04EC0-301F-11D3-BF4B-00C04F79EFBC}") = "Domainator.Aws.IntegrationTests", "tests\Domainator.Aws.IntegrationTests\Domainator.Aws.IntegrationTests.csproj", "{D55D8D4D-FEE2-453C-8BBA-22265316DED0}"
EndProject
Global
	GlobalSection(SolutionConfigurationPlatforms) = preSolution
		Debug|Any CPU = Debug|Any CPU
		Debug|x64 = Debug|x64
		Debug|x86 = Debug|x86
		Release|Any CPU = Release|Any CPU
		Release|x64 = Release|x64
		Release|x86 = Release|x86
	EndGlobalSection
	GlobalSection(SolutionProperties) = preSolution
		HideSolutionNode = FALSE
	EndGlobalSection
	GlobalSection(ProjectConfigurationPlatforms) = postSolution
		{F7E24EAB-1894-4A75-9A02-7B1E130A7FF7}.Debug|Any CPU.ActiveCfg = Debug|Any CPU
		{F7E24EAB-1894-4A75-9A02-7B1E130A7FF7}.Debug|Any CPU.Build.0 = Debug|Any CPU
		{F7E24EAB-1894-4A75-9A02-7B1E130A7FF7}.Debug|x64.ActiveCfg = Debug|Any CPU
		{F7E24EAB-1894-4A75-9A02-7B1E130A7FF7}.Debug|x64.Build.0 = Debug|Any CPU
		{F7E24EAB-1894-4A75-9A02-7B1E130A7FF7}.Debug|x86.ActiveCfg = Debug|Any CPU
		{F7E24EAB-1894-4A75-9A02-7B1E130A7FF7}.Debug|x86.Build.0 = Debug|Any CPU
		{F7E24EAB-1894-4A75-9A02-7B1E130A7FF7}.Release|Any CPU.ActiveCfg = Release|Any CPU
		{F7E24EAB-1894-4A75-9A02-7B1E130A7FF7}.Release|Any CPU.Build.0 = Release|Any CPU
		{F7E24EAB-1894-4A75-9A02-7B1E130A7FF7}.Release|x64.ActiveCfg = Release|Any CPU
		{F7E24EAB-1894-4A75-9A02-7B1E130A7FF7}.Release|x64.Build.0 = Release|Any CPU
		{F7E24EAB-1894-4A75-9A02-7B1E130A7FF7}.Release|x86.ActiveCfg = Release|Any CPU
		{F7E24EAB-1894-4A75-9A02-7B1E130A7FF7}.Release|x86.Build.0 = Release|Any CPU
		{D3C239F0-A984-4FC0-A2F2-F0597868F5D8}.Debug|Any CPU.ActiveCfg = Debug|Any CPU
		{D3C239F0-A984-4FC0-A2F2-F0597868F5D8}.Debug|Any CPU.Build.0 = Debug|Any CPU
		{D3C239F0-A984-4FC0-A2F2-F0597868F5D8}.Debug|x64.ActiveCfg = Debug|Any CPU
		{D3C239F0-A984-4FC0-A2F2-F0597868F5D8}.Debug|x64.Build.0 = Debug|Any CPU
		{D3C239F0-A984-4FC0-A2F2-F0597868F5D8}.Debug|x86.ActiveCfg = Debug|Any CPU
		{D3C239F0-A984-4FC0-A2F2-F0597868F5D8}.Debug|x86.Build.0 = Debug|Any CPU
		{D3C239F0-A984-4FC0-A2F2-F0597868F5D8}.Release|Any CPU.ActiveCfg = Release|Any CPU
		{D3C239F0-A984-4FC0-A2F2-F0597868F5D8}.Release|Any CPU.Build.0 = Release|Any CPU
		{D3C239F0-A984-4FC0-A2F2-F0597868F5D8}.Release|x64.ActiveCfg = Release|Any CPU
		{D3C239F0-A984-4FC0-A2F2-F0597868F5D8}.Release|x64.Build.0 = Release|Any CPU
		{D3C239F0-A984-4FC0-A2F2-F0597868F5D8}.Release|x86.ActiveCfg = Release|Any CPU
		{D3C239F0-A984-4FC0-A2F2-F0597868F5D8}.Release|x86.Build.0 = Release|Any CPU
		{2AF13FFF-C1F5-4D70-8EDD-A69C56619533}.Debug|Any CPU.ActiveCfg = Debug|Any CPU
		{2AF13FFF-C1F5-4D70-8EDD-A69C56619533}.Debug|Any CPU.Build.0 = Debug|Any CPU
		{2AF13FFF-C1F5-4D70-8EDD-A69C56619533}.Debug|x64.ActiveCfg = Debug|Any CPU
		{2AF13FFF-C1F5-4D70-8EDD-A69C56619533}.Debug|x64.Build.0 = Debug|Any CPU
		{2AF13FFF-C1F5-4D70-8EDD-A69C56619533}.Debug|x86.ActiveCfg = Debug|Any CPU
		{2AF13FFF-C1F5-4D70-8EDD-A69C56619533}.Debug|x86.Build.0 = Debug|Any CPU
		{2AF13FFF-C1F5-4D70-8EDD-A69C56619533}.Release|Any CPU.ActiveCfg = Release|Any CPU
		{2AF13FFF-C1F5-4D70-8EDD-A69C56619533}.Release|Any CPU.Build.0 = Release|Any CPU
		{2AF13FFF-C1F5-4D70-8EDD-A69C56619533}.Release|x64.ActiveCfg = Release|Any CPU
		{2AF13FFF-C1F5-4D70-8EDD-A69C56619533}.Release|x64.Build.0 = Release|Any CPU
		{2AF13FFF-C1F5-4D70-8EDD-A69C56619533}.Release|x86.ActiveCfg = Release|Any CPU
		{2AF13FFF-C1F5-4D70-8EDD-A69C56619533}.Release|x86.Build.0 = Release|Any CPU
		{1B571CBC-D197-4E5A-A420-9C21AD3E9882}.Debug|Any CPU.ActiveCfg = Debug|Any CPU
		{1B571CBC-D197-4E5A-A420-9C21AD3E9882}.Debug|Any CPU.Build.0 = Debug|Any CPU
		{1B571CBC-D197-4E5A-A420-9C21AD3E9882}.Debug|x64.ActiveCfg = Debug|Any CPU
		{1B571CBC-D197-4E5A-A420-9C21AD3E9882}.Debug|x64.Build.0 = Debug|Any CPU
		{1B571CBC-D197-4E5A-A420-9C21AD3E9882}.Debug|x86.ActiveCfg = Debug|Any CPU
		{1B571CBC-D197-4E5A-A420-9C21AD3E9882}.Debug|x86.Build.0 = Debug|Any CPU
		{1B571CBC-D197-4E5A-A420-9C21AD3E9882}.Release|Any CPU.ActiveCfg = Release|Any CPU
		{1B571CBC-D197-4E5A-A420-9C21AD3E9882}.Release|Any CPU.Build.0 = Release|Any CPU
		{1B571CBC-D197-4E5A-A420-9C21AD3E9882}.Release|x64.ActiveCfg = Release|Any CPU
		{1B571CBC-D197-4E5A-A420-9C21AD3E9882}.Release|x64.Build.0 = Release|Any CPU
		{1B571CBC-D197-4E5A-A420-9C21AD3E9882}.Release|x86.ActiveCfg = Release|Any CPU
		{1B571CBC-D197-4E5A-A420-9C21AD3E9882}.Release|x86.Build.0 = Release|Any CPU
		{0D65A15F-E771-4003-A0FE-CE7A1F67E623}.Debug|Any CPU.ActiveCfg = Debug|Any CPU
		{0D65A15F-E771-4003-A0FE-CE7A1F67E623}.Debug|Any CPU.Build.0 = Debug|Any CPU
		{0D65A15F-E771-4003-A0FE-CE7A1F67E623}.Debug|x64.ActiveCfg = Debug|Any CPU
		{0D65A15F-E771-4003-A0FE-CE7A1F67E623}.Debug|x64.Build.0 = Debug|Any CPU
		{0D65A15F-E771-4003-A0FE-CE7A1F67E623}.Debug|x86.ActiveCfg = Debug|Any CPU
		{0D65A15F-E771-4003-A0FE-CE7A1F67E623}.Debug|x86.Build.0 = Debug|Any CPU
		{0D65A15F-E771-4003-A0FE-CE7A1F67E623}.Release|Any CPU.ActiveCfg = Release|Any CPU
		{0D65A15F-E771-4003-A0FE-CE7A1F67E623}.Release|Any CPU.Build.0 = Release|Any CPU
		{0D65A15F-E771-4003-A0FE-CE7A1F67E623}.Release|x64.ActiveCfg = Release|Any CPU
		{0D65A15F-E771-4003-A0FE-CE7A1F67E623}.Release|x64.Build.0 = Release|Any CPU
		{0D65A15F-E771-4003-A0FE-CE7A1F67E623}.Release|x86.ActiveCfg = Release|Any CPU
		{0D65A15F-E771-4003-A0FE-CE7A1F67E623}.Release|x86.Build.0 = Release|Any CPU
		{D55D8D4D-FEE2-453C-8BBA-22265316DED0}.Debug|Any CPU.ActiveCfg = Debug|Any CPU
		{D55D8D4D-FEE2-453C-8BBA-22265316DED0}.Debug|Any CPU.Build.0 = Debug|Any CPU
		{D55D8D4D-FEE2-453C-8BBA-22265316DED0}.Debug|x64.ActiveCfg = Debug|Any CPU
		{D55D8D4D-FEE2-453C-8BBA-22265316DED0}.Debug|x64.Build.0 = Debug|Any CPU
		{D55D8D4D-FEE2-453C-8BBA-22265316DED0}.Debug|x86.ActiveCfg = Debug|Any CPU
		{D55D8D4D-FEE2-453C-8BBA-22265316DED0}.Debug|x86.Build.0 = Debug|Any CPU
		{D55D8D4D-FEE2-453C-8BBA-22265316DED0}.Release|Any CPU.ActiveCfg = Release|Any CPU
		{D55D8D4D-FEE2-453C-8BBA-22265316DED0}.Release|Any CPU.Build.0 = Release|Any CPU
		{D55D8D4D-FEE2-453C-8BBA-22265316DED0}.Release|x64.ActiveCfg = Release|Any CPU
		{D55D8D4D-FEE2-453C-8BBA-22265316DED0}.Release|x64.Build.0 = Release|Any CPU
		{D55D8D4D-FEE2-453C-8BBA-22265316DED0}.Release|x86.ActiveCfg = Release|Any CPU
		{D55D8D4D-FEE2-453C-8BBA-22265316DED0}.Release|x86.Build.0 = Release|Any CPU
	EndGlobalSection
	GlobalSection(NestedProjects) = preSolution
		{F7E24EAB-1894-4A75-9A02-7B1E130A7FF7} = {55AEFA5E-7318-4428-86C7-401D54B7151A}
		{D3C239F0-A984-4FC0-A2F2-F0597868F5D8} = {F900C36D-F507-49F1-803A-767AB9B9A81D}
		{2AF13FFF-C1F5-4D70-8EDD-A69C56619533} = {80DF63E7-62F2-499D-B056-17D157611EC5}
		{1B571CBC-D197-4E5A-A420-9C21AD3E9882} = {F900C36D-F507-49F1-803A-767AB9B9A81D}
		{0D65A15F-E771-4003-A0FE-CE7A1F67E623} = {55AEFA5E-7318-4428-86C7-401D54B7151A}
		{D55D8D4D-FEE2-453C-8BBA-22265316DED0} = {F900C36D-F507-49F1-803A-767AB9B9A81D}
	EndGlobalSection
EndGlobal
